{
  "nodes": {
    "disko": {
      "inputs": {
        "nixpkgs": [
          "nixpkgs"
        ]
      },
      "locked": {
        "lastModified": 1677116397,
        "narHash": "sha256-2OHwhv4k1SDEuNxhq+zluvrd5pbW8d4TP9NKW4B8iO8=",
        "owner": "nix-community",
        "repo": "disko",
        "rev": "8fddb2fd721365fa77ff68b709539639d4dc65d7",
        "type": "github"
      },
      "original": {
        "owner": "nix-community",
        "repo": "disko",
        "type": "github"
      }
    },
    "nixpkgs": {
      "locked": {
        "lastModified": 1677168444,
        "narHash": "sha256-Kpqo09Rn6DfEcmd/nPkPPhMmYbVsiVofnPYPoTqvR4w=",
        "owner": "NixOS",
        "repo": "nixpkgs",
        "rev": "aff767f7eafd128672c2cfe5d33bec6d8d98e594",
        "type": "github"
      },
      "original": {
        "owner": "NixOS",
        "repo": "nixpkgs",
        "type": "github"
      }
    },
    "root": {
      "inputs": {
        "disko": "disko",
        "nixpkgs": "nixpkgs"
      }
    }
  },
  "root": "root",
  "version": 7
}
